
Microsoft Visual Studio Solution File, Format Version 12.00
# Visual Studio Version 16
VisualStudioVersion = 16.0.30711.63
MinimumVisualStudioVersion = 10.0.40219.1
Project("{FAE04EC0-301F-11D3-BF4B-00C04F79EFBC}") = "BooksApp", "BooksApp\BooksApp.csproj", "{2E97B241-14F3-4065-8C75-25B883E53F8D}"
EndProject
Project("{FAE04EC0-301F-11D3-BF4B-00C04F79EFBC}") = "BooksApp.Tests", "BooksApp.Tests\BooksApp.Tests.csproj", "{8AFC507C-8908-4815-96A7-39F474C58A77}"
EndProject
Project("{FAE04EC0-301F-11D3-BF4B-00C04F79EFBC}") = "WebAPI", "WebAPI\WebAPI.csproj", "{F3082751-E6B2-4E45-9246-45D336E380A4}"
EndProject
Global
	GlobalSection(SolutionConfigurationPlatforms) = preSolution
		Debug|Any CPU = Debug|Any CPU
		Release|Any CPU = Release|Any CPU
	EndGlobalSection
	GlobalSection(ProjectConfigurationPlatforms) = postSolution
		{2E97B241-14F3-4065-8C75-25B883E53F8D}.Debug|Any CPU.ActiveCfg = Debug|Any CPU
		{2E97B241-14F3-4065-8C75-25B883E53F8D}.Debug|Any CPU.Build.0 = Debug|Any CPU
		{2E97B241-14F3-4065-8C75-25B883E53F8D}.Release|Any CPU.ActiveCfg = Release|Any CPU
		{2E97B241-14F3-4065-8C75-25B883E53F8D}.Release|Any CPU.Build.0 = Release|Any CPU
		{8AFC507C-8908-4815-96A7-39F474C58A77}.Debug|Any CPU.ActiveCfg = Debug|Any CPU
		{8AFC507C-8908-4815-96A7-39F474C58A77}.Debug|Any CPU.Build.0 = Debug|Any CPU
		{8AFC507C-8908-4815-96A7-39F474C58A77}.Release|Any CPU.ActiveCfg = Release|Any CPU
		{8AFC507C-8908-4815-96A7-39F474C58A77}.Release|Any CPU.Build.0 = Release|Any CPU
		{F3082751-E6B2-4E45-9246-45D336E380A4}.Debug|Any CPU.ActiveCfg = Debug|Any CPU
		{F3082751-E6B2-4E45-9246-45D336E380A4}.Debug|Any CPU.Build.0 = Debug|Any CPU
		{F3082751-E6B2-4E45-9246-45D336E380A4}.Release|Any CPU.ActiveCfg = Release|Any CPU
		{F3082751-E6B2-4E45-9246-45D336E380A4}.Release|Any CPU.Build.0 = Release|Any CPU
	EndGlobalSection
	GlobalSection(SolutionProperties) = preSolution
		HideSolutionNode = FALSE
	EndGlobalSection
	GlobalSection(ExtensibilityGlobals) = postSolution
		SolutionGuid = {AD3C028E-6C48-47F0-8E50-DFE9BEF71C0B}
	EndGlobalSection
EndGlobal
